// !$*UTF8*$!
{
	archiveVersion = 1;
	classes = {
	};
	objectVersion = 50;
	objects = {

/* Begin PBXBuildFile section */
		E517C34924A0F3BE00496889 /* AppDelegate.swift in Sources */ = {isa = PBXBuildFile; fileRef = E517C34824A0F3BE00496889 /* AppDelegate.swift */; };
		E517C34B24A0F3BE00496889 /* SceneDelegate.swift in Sources */ = {isa = PBXBuildFile; fileRef = E517C34A24A0F3BE00496889 /* SceneDelegate.swift */; };
		E517C35024A0F3BE00496889 /* Main.storyboard in Resources */ = {isa = PBXBuildFile; fileRef = E517C34E24A0F3BE00496889 /* Main.storyboard */; };
		E517C35324A0F3BE00496889 /* ToDoList.xcdatamodeld in Sources */ = {isa = PBXBuildFile; fileRef = E517C35124A0F3BE00496889 /* ToDoList.xcdatamodeld */; };
		E517C35524A0F3C400496889 /* Assets.xcassets in Resources */ = {isa = PBXBuildFile; fileRef = E517C35424A0F3C400496889 /* Assets.xcassets */; };
		E517C35824A0F3C400496889 /* LaunchScreen.storyboard in Resources */ = {isa = PBXBuildFile; fileRef = E517C35624A0F3C400496889 /* LaunchScreen.storyboard */; };
		E517C36024A0F76400496889 /* ToDoTableViewController.swift in Sources */ = {isa = PBXBuildFile; fileRef = E517C35F24A0F76400496889 /* ToDoTableViewController.swift */; };
		E517C36224A0F7DB00496889 /* ToDo.swift in Sources */ = {isa = PBXBuildFile; fileRef = E517C36124A0F7DB00496889 /* ToDo.swift */; };
		E517C36424A16DDE00496889 /* AddToDoViewController.swift in Sources */ = {isa = PBXBuildFile; fileRef = E517C36324A16DDE00496889 /* AddToDoViewController.swift */; };
		E517C36824A17A5800496889 /* CompleteToDoViewController.swift in Sources */ = {isa = PBXBuildFile; fileRef = E517C36724A17A5800496889 /* CompleteToDoViewController.swift */; };
/* End PBXBuildFile section */

/* Begin PBXFileReference section */
		E517C34524A0F3BE00496889 /* ToDoList.app */ = {isa = PBXFileReference; explicitFileType = wrapper.application; includeInIndex = 0; path = ToDoList.app; sourceTree = BUILT_PRODUCTS_DIR; };
		E517C34824A0F3BE00496889 /* AppDelegate.swift */ = {isa = PBXFileReference; lastKnownFileType = sourcecode.swift; path = AppDelegate.swift; sourceTree = "<group>"; };
		E517C34A24A0F3BE00496889 /* SceneDelegate.swift */ = {isa = PBXFileReference; lastKnownFileType = sourcecode.swift; path = SceneDelegate.swift; sourceTree = "<group>"; };
		E517C34F24A0F3BE00496889 /* Base */ = {isa = PBXFileReference; lastKnownFileType = file.storyboard; name = Base; path = Base.lproj/Main.storyboard; sourceTree = "<group>"; };
		E517C35224A0F3BE00496889 /* ToDoList.xcdatamodel */ = {isa = PBXFileReference; lastKnownFileType = wrapper.xcdatamodel; path = ToDoList.xcdatamodel; sourceTree = "<group>"; };
		E517C35424A0F3C400496889 /* Assets.xcassets */ = {isa = PBXFileReference; lastKnownFileType = folder.assetcatalog; path = Assets.xcassets; sourceTree = "<group>"; };
		E517C35724A0F3C400496889 /* Base */ = {isa = PBXFileReference; lastKnownFileType = file.storyboard; name = Base; path = Base.lproj/LaunchScreen.storyboard; sourceTree = "<group>"; };
		E517C35924A0F3C400496889 /* Info.plist */ = {isa = PBXFileReference; lastKnownFileType = text.plist.xml; path = Info.plist; sourceTree = "<group>"; };
		E517C35F24A0F76400496889 /* ToDoTableViewController.swift */ = {isa = PBXFileReference; lastKnownFileType = sourcecode.swift; path = ToDoTableViewController.swift; sourceTree = "<group>"; };
		E517C36124A0F7DB00496889 /* ToDo.swift */ = {isa = PBXFileReference; lastKnownFileType = sourcecode.swift; path = ToDo.swift; sourceTree = "<group>"; };
		E517C36324A16DDE00496889 /* AddToDoViewController.swift */ = {isa = PBXFileReference; lastKnownFileType = sourcecode.swift; path = AddToDoViewController.swift; sourceTree = "<group>"; };
		E517C36724A17A5800496889 /* CompleteToDoViewController.swift */ = {isa = PBXFileReference; lastKnownFileType = sourcecode.swift; path = CompleteToDoViewController.swift; sourceTree = "<group>"; };
/* End PBXFileReference section */

/* Begin PBXFrameworksBuildPhase section */
		E517C34224A0F3BE00496889 /* Frameworks */ = {
			isa = PBXFrameworksBuildPhase;
			buildActionMask = 2147483647;
			files = (
			);
			runOnlyForDeploymentPostprocessing = 0;
		};
/* End PBXFrameworksBuildPhase section */

/* Begin PBXGroup section */
		E517C33C24A0F3BE00496889 = {
			isa = PBXGroup;
			children = (
				E517C34724A0F3BE00496889 /* ToDoList */,
				E517C34624A0F3BE00496889 /* Products */,
			);
			sourceTree = "<group>";
		};
		E517C34624A0F3BE00496889 /* Products */ = {
			isa = PBXGroup;
			children = (
				E517C34524A0F3BE00496889 /* ToDoList.app */,
			);
			name = Products;
			sourceTree = "<group>";
		};
		E517C34724A0F3BE00496889 /* ToDoList */ = {
			isa = PBXGroup;
			children = (
				E517C34824A0F3BE00496889 /* AppDelegate.swift */,
				E517C34A24A0F3BE00496889 /* SceneDelegate.swift */,
				E517C34E24A0F3BE00496889 /* Main.storyboard */,
				E517C35424A0F3C400496889 /* Assets.xcassets */,
				E517C35624A0F3C400496889 /* LaunchScreen.storyboard */,
				E517C35924A0F3C400496889 /* Info.plist */,
				E517C35124A0F3BE00496889 /* ToDoList.xcdatamodeld */,
				E517C35F24A0F76400496889 /* ToDoTableViewController.swift */,
				E517C36124A0F7DB00496889 /* ToDo.swift */,
				E517C36324A16DDE00496889 /* AddToDoViewController.swift */,
				E517C36724A17A5800496889 /* CompleteToDoViewController.swift */,
			);
			path = ToDoList;
			sourceTree = "<group>";
		};
/* End PBXGroup section */

/* Begin PBXNativeTarget section */
		E517C34424A0F3BE00496889 /* ToDoList */ = {
			isa = PBXNativeTarget;
			buildConfigurationList = E517C35C24A0F3C400496889 /* Build configuration list for PBXNativeTarget "ToDoList" */;
			buildPhases = (
				E517C34124A0F3BE00496889 /* Sources */,
				E517C34224A0F3BE00496889 /* Frameworks */,
				E517C34324A0F3BE00496889 /* Resources */,
			);
			buildRules = (
			);
			dependencies = (
			);
			name = ToDoList;
			productName = ToDoList;
			productReference = E517C34524A0F3BE00496889 /* ToDoList.app */;
			productType = "com.apple.product-type.application";
		};
/* End PBXNativeTarget section */

/* Begin PBXProject section */
		E517C33D24A0F3BE00496889 /* Project object */ = {
			isa = PBXProject;
			attributes = {
				LastSwiftUpdateCheck = 1150;
				LastUpgradeCheck = 1150;
				ORGANIZATIONNAME = "Alana Foreman";
				TargetAttributes = {
					E517C34424A0F3BE00496889 = {
						CreatedOnToolsVersion = 11.5;
					};
				};
			};
			buildConfigurationList = E517C34024A0F3BE00496889 /* Build configuration list for PBXProject "ToDoList" */;
			compatibilityVersion = "Xcode 9.3";
			developmentRegion = en;
			hasScannedForEncodings = 0;
			knownRegions = (
				en,
				Base,
			);
			mainGroup = E517C33C24A0F3BE00496889;
			productRefGroup = E517C34624A0F3BE00496889 /* Products */;
			projectDirPath = "";
			projectRoot = "";
			targets = (
				E517C34424A0F3BE00496889 /* ToDoList */,
			);
		};
/* End PBXProject section */

/* Begin PBXResourcesBuildPhase section */
		E517C34324A0F3BE00496889 /* Resources */ = {
			isa = PBXResourcesBuildPhase;
			buildActionMask = 2147483647;
			files = (
				E517C35824A0F3C400496889 /* LaunchScreen.storyboard in Resources */,
				E517C35524A0F3C400496889 /* Assets.xcassets in Resources */,
				E517C35024A0F3BE00496889 /* Main.storyboard in Resources */,
			);
			runOnlyForDeploymentPostprocessing = 0;
		};
/* End PBXResourcesBuildPhase section */

/* Begin PBXSourcesBuildPhase section */
		E517C34124A0F3BE00496889 /* Sources */ = {
			isa = PBXSourcesBuildPhase;
			buildActionMask = 2147483647;
			files = (
				E517C34924A0F3BE00496889 /* AppDelegate.swift in Sources */,
				E517C36224A0F7DB00496889 /* ToDo.swift in Sources */,
				E517C36024A0F76400496889 /* ToDoTableViewController.swift in Sources */,
				E517C36824A17A5800496889 /* CompleteToDoViewController.swift in Sources */,
				E517C34B24A0F3BE00496889 /* SceneDelegate.swift in Sources */,
				E517C36424A16DDE00496889 /* AddToDoViewController.swift in Sources */,
				E517C35324A0F3BE00496889 /* ToDoList.xcdatamodeld in Sources */,
			);
			runOnlyForDeploymentPostprocessing = 0;
		};
/* End PBXSourcesBuildPhase section */

/* Begin PBXVariantGroup section */
		E517C34E24A0F3BE00496889 /* Main.storyboard */ = {
			isa = PBXVariantGroup;
			children = (
				E517C34F24A0F3BE00496889 /* Base */,
			);
			name = Main.storyboard;
			sourceTree = "<group>";
		};
		E517C35624A0F3C400496889 /* LaunchScreen.storyboard */ = {
			isa = PBXVariantGroup;
			children = (
				E517C35724A0F3C400496889 /* Base */,
			);
			name = LaunchScreen.storyboard;
			sourceTree = "<group>";
		};
/* End PBXVariantGroup section */

/* Begin XCBuildConfiguration section */
		E517C35A24A0F3C400496889 /* Debug */ = {
			isa = XCBuildConfiguration;
			buildSettings = {
				ALWAYS_SEARCH_USER_PATHS = NO;
				CLANG_ANALYZER_NONNULL = YES;
				CLANG_ANALYZER_NUMBER_OBJECT_CONVERSION = YES_AGGRESSIVE;
				CLANG_CXX_LANGUAGE_STANDARD = "gnu++14";
				CLANG_CXX_LIBRARY = "libc++";
				CLANG_ENABLE_MODULES = YES;
				CLANG_ENABLE_OBJC_ARC = YES;
				CLANG_ENABLE_OBJC_WEAK = YES;
				CLANG_WARN_BLOCK_CAPTURE_AUTORELEASING = YES;
				CLANG_WARN_BOOL_CONVERSION = YES;
				CLANG_WARN_COMMA = YES;
				CLANG_WARN_CONSTANT_CONVERSION = YES;
				CLANG_WARN_DEPRECATED_OBJC_IMPLEMENTATIONS = YES;
				CLANG_WARN_DIRECT_OBJC_ISA_USAGE = YES_ERROR;
				CLANG_WARN_DOCUMENTATION_COMMENTS = YES;
				CLANG_WARN_EMPTY_BODY = YES;
				CLANG_WARN_ENUM_CONVERSION = YES;
				CLANG_WARN_INFINITE_RECURSION = YES;
				CLANG_WARN_INT_CONVERSION = YES;
				CLANG_WARN_NON_LITERAL_NULL_CONVERSION = YES;
				CLANG_WARN_OBJC_IMPLICIT_RETAIN_SELF = YES;
				CLANG_WARN_OBJC_LITERAL_CONVERSION = YES;
				CLANG_WARN_OBJC_ROOT_CLASS = YES_ERROR;
				CLANG_WARN_RANGE_LOOP_ANALYSIS = YES;
				CLANG_WARN_STRICT_PROTOTYPES = YES;
				CLANG_WARN_SUSPICIOUS_MOVE = YES;
				CLANG_WARN_UNGUARDED_AVAILABILITY = YES_AGGRESSIVE;
				CLANG_WARN_UNREACHABLE_CODE = YES;
				CLANG_WARN__DUPLICATE_METHOD_MATCH = YES;
				COPY_PHASE_STRIP = NO;
				DEBUG_INFORMATION_FORMAT = dwarf;
				ENABLE_STRICT_OBJC_MSGSEND = YES;
				ENABLE_TESTABILITY = YES;
				GCC_C_LANGUAGE_STANDARD = gnu11;
				GCC_DYNAMIC_NO_PIC = NO;
				GCC_NO_COMMON_BLOCKS = YES;
				GCC_OPTIMIZATION_LEVEL = 0;
				GCC_PREPROCESSOR_DEFINITIONS = (
					"DEBUG=1",
					"$(inherited)",
				);
				GCC_WARN_64_TO_32_BIT_CONVERSION = YES;
				GCC_WARN_ABOUT_RETURN_TYPE = YES_ERROR;
				GCC_WARN_UNDECLARED_SELECTOR = YES;
				GCC_WARN_UNINITIALIZED_AUTOS = YES_AGGRESSIVE;
				GCC_WARN_UNUSED_FUNCTION = YES;
				GCC_WARN_UNUSED_VARIABLE = YES;
				IPHONEOS_DEPLOYMENT_TARGET = 13.5;
				MTL_ENABLE_DEBUG_INFO = INCLUDE_SOURCE;
				MTL_FAST_MATH = YES;
				ONLY_ACTIVE_ARCH = YES;
				SDKROOT = iphoneos;
				SWIFT_ACTIVE_COMPILATION_CONDITIONS = DEBUG;
				SWIFT_OPTIMIZATION_LEVEL = "-Onone";
			};
			name = Debug;
		};
		E517C35B24A0F3C400496889 /* Release */ = {
			isa = XCBuildConfiguration;
			buildSettings = {
				ALWAYS_SEARCH_USER_PATHS = NO;
				CLANG_ANALYZER_NONNULL = YES;
				CLANG_ANALYZER_NUMBER_OBJECT_CONVERSION = YES_AGGRESSIVE;
				CLANG_CXX_LANGUAGE_STANDARD = "gnu++14";
				CLANG_CXX_LIBRARY = "libc++";
				CLANG_ENABLE_MODULES = YES;
				CLANG_ENABLE_OBJC_ARC = YES;
				CLANG_ENABLE_OBJC_WEAK = YES;
				CLANG_WARN_BLOCK_CAPTURE_AUTORELEASING = YES;
				CLANG_WARN_BOOL_CONVERSION = YES;
				CLANG_WARN_COMMA = YES;
				CLANG_WARN_CONSTANT_CONVERSION = YES;
				CLANG_WARN_DEPRECATED_OBJC_IMPLEMENTATIONS = YES;
				CLANG_WARN_DIRECT_OBJC_ISA_USAGE = YES_ERROR;
				CLANG_WARN_DOCUMENTATION_COMMENTS = YES;
				CLANG_WARN_EMPTY_BODY = YES;
				CLANG_WARN_ENUM_CONVERSION = YES;
				CLANG_WARN_INFINITE_RECURSION = YES;
				CLANG_WARN_INT_CONVERSION = YES;
				CLANG_WARN_NON_LITERAL_NULL_CONVERSION = YES;
				CLANG_WARN_OBJC_IMPLICIT_RETAIN_SELF = YES;
				CLANG_WARN_OBJC_LITERAL_CONVERSION = YES;
				CLANG_WARN_OBJC_ROOT_CLASS = YES_ERROR;
				CLANG_WARN_RANGE_LOOP_ANALYSIS = YES;
				CLANG_WARN_STRICT_PROTOTYPES = YES;
				CLANG_WARN_SUSPICIOUS_MOVE = YES;
				CLANG_WARN_UNGUARDED_AVAILABILITY = YES_AGGRESSIVE;
				CLANG_WARN_UNREACHABLE_CODE = YES;
				CLANG_WARN__DUPLICATE_METHOD_MATCH = YES;
				COPY_PHASE_STRIP = NO;
				DEBUG_INFORMATION_FORMAT = "dwarf-with-dsym";
				ENABLE_NS_ASSERTIONS = NO;
				ENABLE_STRICT_OBJC_MSGSEND = YES;
				GCC_C_LANGUAGE_STANDARD = gnu11;
				GCC_NO_COMMON_BLOCKS = YES;
				GCC_WARN_64_TO_32_BIT_CONVERSION = YES;
				GCC_WARN_ABOUT_RETURN_TYPE = YES_ERROR;
				GCC_WARN_UNDECLARED_SELECTOR = YES;
				GCC_WARN_UNINITIALIZED_AUTOS = YES_AGGRESSIVE;
				GCC_WARN_UNUSED_FUNCTION = YES;
				GCC_WARN_UNUSED_VARIABLE = YES;
				IPHONEOS_DEPLOYMENT_TARGET = 13.5;
				MTL_ENABLE_DEBUG_INFO = NO;
				MTL_FAST_MATH = YES;
				SDKROOT = iphoneos;
				SWIFT_COMPILATION_MODE = wholemodule;
				SWIFT_OPTIMIZATION_LEVEL = "-O";
				VALIDATE_PRODUCT = YES;
			};
			name = Release;
		};
		E517C35D24A0F3C400496889 /* Debug */ = {
			isa = XCBuildConfiguration;
			buildSettings = {
				ASSETCATALOG_COMPILER_APPICON_NAME = AppIcon;
				CODE_SIGN_STYLE = Automatic;
				DEVELOPMENT_TEAM = 2FCJS6TW2Q;
				INFOPLIST_FILE = ToDoList/Info.plist;
				LD_RUNPATH_SEARCH_PATHS = (
					"$(inherited)",
					"@executable_path/Frameworks",
				);
				PRODUCT_BUNDLE_IDENTIFIER = KWK.ToDoList;
				PRODUCT_NAME = "$(TARGET_NAME)";
				SWIFT_VERSION = 5.0;
				TARGETED_DEVICE_FAMILY = "1,2";
			};
			name = Debug;
		};
		E517C35E24A0F3C400496889 /* Release */ = {
			isa = XCBuildConfiguration;
			buildSettings = {
				ASSETCATALOG_COMPILER_APPICON_NAME = AppIcon;
				CODE_SIGN_STYLE = Automatic;
				DEVELOPMENT_TEAM = 2FCJS6TW2Q;
				INFOPLIST_FILE = ToDoList/Info.plist;
				LD_RUNPATH_SEARCH_PATHS = (
					"$(inherited)",
					"@executable_path/Frameworks",
				);
				PRODUCT_BUNDLE_IDENTIFIER = KWK.ToDoList;
				PRODUCT_NAME = "$(TARGET_NAME)";
				SWIFT_VERSION = 5.0;
				TARGETED_DEVICE_FAMILY = "1,2";
			};
			name = Release;
		};
/* End XCBuildConfiguration section */

/* Begin XCConfigurationList section */
		E517C34024A0F3BE00496889 /* Build configuration list for PBXProject "ToDoList" */ = {
			isa = XCConfigurationList;
			buildConfigurations = (
				E517C35A24A0F3C400496889 /* Debug */,
				E517C35B24A0F3C400496889 /* Release */,
			);
			defaultConfigurationIsVisible = 0;
			defaultConfigurationName = Release;
		};
		E517C35C24A0F3C400496889 /* Build configuration list for PBXNativeTarget "ToDoList" */ = {
			isa = XCConfigurationList;
			buildConfigurations = (
				E517C35D24A0F3C400496889 /* Debug */,
				E517C35E24A0F3C400496889 /* Release */,
			);
			defaultConfigurationIsVisible = 0;
			defaultConfigurationName = Release;
		};
/* End XCConfigurationList section */

/* Begin XCVersionGroup section */
		E517C35124A0F3BE00496889 /* ToDoList.xcdatamodeld */ = {
			isa = XCVersionGroup;
			children = (
				E517C35224A0F3BE00496889 /* ToDoList.xcdatamodel */,
			);
			currentVersion = E517C35224A0F3BE00496889 /* ToDoList.xcdatamodel */;
			path = ToDoList.xcdatamodeld;
			sourceTree = "<group>";
			versionGroupType = wrapper.xcdatamodel;
		};
/* End XCVersionGroup section */
	};
	rootObject = E517C33D24A0F3BE00496889 /* Project object */;
}
